{
  "name": "babel-plugin-browser-import-features",
  "version": "1.0.1",
  "lockfileVersion": 1,
  "requires": true,
  "dependencies": {
    "@babel/helper-plugin-utils": {
      "version": "7.0.0-beta.56",
      "resolved": "https://registry.npmjs.org/@babel/helper-plugin-utils/-/helper-plugin-utils-7.0.0-beta.56.tgz",
      "integrity": "sha512-6IlFMU13X7gwnnMldDHwfc7IqngqCH/KfiU7I+GdNoZPnddmjghc87E/zKHaJpWdX1VvXCCelp2EnKq0rgBQ8w=="
    },
    "@babel/plugin-syntax-dynamic-import": {
      "version": "7.0.0-beta.56",
      "resolved": "https://registry.npmjs.org/@babel/plugin-syntax-dynamic-import/-/plugin-syntax-dynamic-import-7.0.0-beta.56.tgz",
      "integrity": "sha512-+g2lxi5viFhbVkvLIz9UXQNgl3E6ssOfhKC5wLCMV1jJtW+Qas//K7OPQiHFWiwEnuKNiZi6nRFpApWVGOUu6w==",
      "requires": {
        "@babel/helper-plugin-utils": "7.0.0-beta.56"
      }
    },
    "@babel/plugin-syntax-import-meta": {
      "version": "7.0.0-beta.56",
      "resolved": "https://registry.npmjs.org/@babel/plugin-syntax-import-meta/-/plugin-syntax-import-meta-7.0.0-beta.56.tgz",
      "integrity": "sha512-TJUFi8zpUCAK9yk4fn3g/nyH7fMHT8FZKw9EBqQDAt3xKFpZk0xWNdUJl3giqdKMu16BqHV+wmzX+HV4XsZRvA==",
      "requires": {
        "@babel/helper-plugin-utils": "7.0.0-beta.56"
      }
    }
  }
}
